Microsoft Visual Studio Solution File, Format Version 12.00
# Visual Studio Version 17
VisualStudioVersion = 17.5.2.0
MinimumVisualStudioVersion = 10.0.40219.1
Project("{FAE04EC0-301F-11D3-BF4B-00C04F79EFBC}") = "Microevaluacion3", "Microevaluacion3\Microevaluacion3.csproj", "{8BE3424C-A0C8-48BB-6623-42F7EE6AEEB1}"
EndProject
Global
	GlobalSection(SolutionConfigurationPlatforms) = preSolution
		Debug|Any CPU = Debug|Any CPU
		Release|Any CPU = Release|Any CPU
	EndGlobalSection
	GlobalSection(ProjectConfigurationPlatforms) = postSolution
		{8BE3424C-A0C8-48BB-6623-42F7EE6AEEB1}.Debug|Any CPU.ActiveCfg = Debug|Any CPU
		{8BE3424C-A0C8-48BB-6623-42F7EE6AEEB1}.Debug|Any CPU.Build.0 = Debug|Any CPU
		{8BE3424C-A0C8-48BB-6623-42F7EE6AEEB1}.Release|Any CPU.ActiveCfg = Release|Any CPU
		{8BE3424C-A0C8-48BB-6623-42F7EE6AEEB1}.Release|Any CPU.Build.0 = Release|Any CPU
	EndGlobalSection
	GlobalSection(SolutionProperties) = preSolution
		HideSolutionNode = FALSE
	EndGlobalSection
	GlobalSection(ExtensibilityGlobals) = postSolution
		SolutionGuid = {B8F84CFB-8D40-46E3-AF79-AD5C769C8052}
	EndGlobalSection
EndGlobal
