Microsoft Visual Studio Solution File, Format Version 12.00
# Visual Studio Version 17
VisualStudioVersion = 17.5.2.0
MinimumVisualStudioVersion = 10.0.40219.1
Project("{FAE04EC0-301F-11D3-BF4B-00C04F79EFBC}") = "PlayerApi", "PlayerApi.csproj", "{DE95D1E0-EBE4-441D-9C8C-DB39F23817FD}"
EndProject
Global
	GlobalSection(SolutionConfigurationPlatforms) = preSolution
		Debug|Any CPU = Debug|Any CPU
		Release|Any CPU = Release|Any CPU
	EndGlobalSection
	GlobalSection(ProjectConfigurationPlatforms) = postSolution
		{DE95D1E0-EBE4-441D-9C8C-DB39F23817FD}.Debug|Any CPU.ActiveCfg = Debug|Any CPU
		{DE95D1E0-EBE4-441D-9C8C-DB39F23817FD}.Debug|Any CPU.Build.0 = Debug|Any CPU
		{DE95D1E0-EBE4-441D-9C8C-DB39F23817FD}.Release|Any CPU.ActiveCfg = Release|Any CPU
		{DE95D1E0-EBE4-441D-9C8C-DB39F23817FD}.Release|Any CPU.Build.0 = Release|Any CPU
	EndGlobalSection
	GlobalSection(SolutionProperties) = preSolution
		HideSolutionNode = FALSE
	EndGlobalSection
	GlobalSection(ExtensibilityGlobals) = postSolution
		SolutionGuid = {4B5A85CA-4BAF-47DC-AD7A-E3BCDD6145FF}
	EndGlobalSection
EndGlobal
