Microsoft Visual Studio Solution File, Format Version 12.00
# Visual Studio Version 17
VisualStudioVersion = 17.5.2.0
MinimumVisualStudioVersion = 10.0.40219.1
Project("{FAE04EC0-301F-11D3-BF4B-00C04F79EFBC}") = "CompanyAssets", "CompanyAssets.csproj", "{03CDF6B8-2B3E-6743-12E6-AF9D0E518248}"
EndProject
Global
	GlobalSection(SolutionConfigurationPlatforms) = preSolution
		Debug|Any CPU = Debug|Any CPU
		Release|Any CPU = Release|Any CPU
	EndGlobalSection
	GlobalSection(ProjectConfigurationPlatforms) = postSolution
		{03CDF6B8-2B3E-6743-12E6-AF9D0E518248}.Debug|Any CPU.ActiveCfg = Debug|Any CPU
		{03CDF6B8-2B3E-6743-12E6-AF9D0E518248}.Debug|Any CPU.Build.0 = Debug|Any CPU
		{03CDF6B8-2B3E-6743-12E6-AF9D0E518248}.Release|Any CPU.ActiveCfg = Release|Any CPU
		{03CDF6B8-2B3E-6743-12E6-AF9D0E518248}.Release|Any CPU.Build.0 = Release|Any CPU
	EndGlobalSection
	GlobalSection(SolutionProperties) = preSolution
		HideSolutionNode = FALSE
	EndGlobalSection
	GlobalSection(ExtensibilityGlobals) = postSolution
		SolutionGuid = {623D544E-76E9-4BB4-BA4A-0ED676DAC2FC}
	EndGlobalSection
EndGlobal
